
Microsoft Visual Studio Solution File, Format Version 12.00
# Visual Studio Version 17
VisualStudioVersion = 17.8.34322.80
MinimumVisualStudioVersion = 10.0.40219.1
Project("{FAE04EC0-301F-11D3-BF4B-00C04F79EFBC}") = "LW3", "LW3\LW3.csproj", "{D19CD74F-07D8-4CE9-8C09-0DE5E9B85D37}"
EndProject
Project("{FAE04EC0-301F-11D3-BF4B-00C04F79EFBC}") = "LW3Test1", "LW3Test1\LW3Test1.csproj", "{089A65C4-8852-4DB6-9AC2-21849C2F2EEB}"
EndProject
Project("{FAE04EC0-301F-11D3-BF4B-00C04F79EFBC}") = "LW3DB", "LW3DB\LW3DB.csproj", "{DBF63864-8DB9-44DC-B00D-44212DF36F89}"
EndProject
Project("{FAE04EC0-301F-11D3-BF4B-00C04F79EFBC}") = "LW3DBTest", "LW3DBTest\LW3DBTest.csproj", "{92065EA1-0278-4AA6-878A-EA9A16AEF6C9}"
EndProject
Global
	GlobalSection(SolutionConfigurationPlatforms) = preSolution
		Debug|Any CPU = Debug|Any CPU
		Release|Any CPU = Release|Any CPU
	EndGlobalSection
	GlobalSection(ProjectConfigurationPlatforms) = postSolution
		{D19CD74F-07D8-4CE9-8C09-0DE5E9B85D37}.Debug|Any CPU.ActiveCfg = Debug|Any CPU
		{D19CD74F-07D8-4CE9-8C09-0DE5E9B85D37}.Debug|Any CPU.Build.0 = Debug|Any CPU
		{D19CD74F-07D8-4CE9-8C09-0DE5E9B85D37}.Release|Any CPU.ActiveCfg = Release|Any CPU
		{D19CD74F-07D8-4CE9-8C09-0DE5E9B85D37}.Release|Any CPU.Build.0 = Release|Any CPU
		{089A65C4-8852-4DB6-9AC2-21849C2F2EEB}.Debug|Any CPU.ActiveCfg = Debug|Any CPU
		{089A65C4-8852-4DB6-9AC2-21849C2F2EEB}.Debug|Any CPU.Build.0 = Debug|Any CPU
		{089A65C4-8852-4DB6-9AC2-21849C2F2EEB}.Release|Any CPU.ActiveCfg = Release|Any CPU
		{089A65C4-8852-4DB6-9AC2-21849C2F2EEB}.Release|Any CPU.Build.0 = Release|Any CPU
		{DBF63864-8DB9-44DC-B00D-44212DF36F89}.Debug|Any CPU.ActiveCfg = Debug|Any CPU
		{DBF63864-8DB9-44DC-B00D-44212DF36F89}.Debug|Any CPU.Build.0 = Debug|Any CPU
		{DBF63864-8DB9-44DC-B00D-44212DF36F89}.Release|Any CPU.ActiveCfg = Release|Any CPU
		{DBF63864-8DB9-44DC-B00D-44212DF36F89}.Release|Any CPU.Build.0 = Release|Any CPU
		{92065EA1-0278-4AA6-878A-EA9A16AEF6C9}.Debug|Any CPU.ActiveCfg = Debug|Any CPU
		{92065EA1-0278-4AA6-878A-EA9A16AEF6C9}.Debug|Any CPU.Build.0 = Debug|Any CPU
		{92065EA1-0278-4AA6-878A-EA9A16AEF6C9}.Release|Any CPU.ActiveCfg = Release|Any CPU
		{92065EA1-0278-4AA6-878A-EA9A16AEF6C9}.Release|Any CPU.Build.0 = Release|Any CPU
	EndGlobalSection
	GlobalSection(SolutionProperties) = preSolution
		HideSolutionNode = FALSE
	EndGlobalSection
	GlobalSection(ExtensibilityGlobals) = postSolution
		SolutionGuid = {23A45926-F9A6-479A-A2EB-50D15460B683}
	EndGlobalSection
EndGlobal
