
Microsoft Visual Studio Solution File, Format Version 12.00
# Visual Studio Version 17
VisualStudioVersion = 17.8.34322.80
MinimumVisualStudioVersion = 10.0.40219.1
Project("{FAE04EC0-301F-11D3-BF4B-00C04F79EFBC}") = "UniformMovementAroundTheCircle", "UniformMovementAroundTheCircle\UniformMovementAroundTheCircle.csproj", "{BE13B670-DA8C-4519-90BB-B03AE7A9191B}"
EndProject
Global
	GlobalSection(SolutionConfigurationPlatforms) = preSolution
		Debug|Any CPU = Debug|Any CPU
		Release|Any CPU = Release|Any CPU
	EndGlobalSection
	GlobalSection(ProjectConfigurationPlatforms) = postSolution
		{BE13B670-DA8C-4519-90BB-B03AE7A9191B}.Debug|Any CPU.ActiveCfg = Debug|Any CPU
		{BE13B670-DA8C-4519-90BB-B03AE7A9191B}.Debug|Any CPU.Build.0 = Debug|Any CPU
		{BE13B670-DA8C-4519-90BB-B03AE7A9191B}.Release|Any CPU.ActiveCfg = Release|Any CPU
		{BE13B670-DA8C-4519-90BB-B03AE7A9191B}.Release|Any CPU.Build.0 = Release|Any CPU
	EndGlobalSection
	GlobalSection(SolutionProperties) = preSolution
		HideSolutionNode = FALSE
	EndGlobalSection
	GlobalSection(ExtensibilityGlobals) = postSolution
		SolutionGuid = {1E367B0C-FA87-4ADE-B8AF-FFC22A2EB883}
	EndGlobalSection
EndGlobal
